<?xml version="1.0" encoding="utf-8"?>
<Project ToolsVersion="4.0" xmlns="http://schemas.microsoft.com/developer/msbuild/2003">
  <ItemGroup>
    <Filter Include="Source Files">
      <UniqueIdentifier>{4FC737F1-C7A5-4376-A066-2A32D752A2FF}</UniqueIdentifier>
      <Extensions>cpp;c;cc;cxx;def;odl;idl;hpj;bat;asm;asmx</Extensions>
    </Filter>
    <Filter Include="Header Files">
      <UniqueIdentifier>{93995380-89BD-4b04-88EB-625FBE52EBFB}</UniqueIdentifier>
      <Extensions>h;hh;hpp;hxx;hm;inl;inc;xsd</Extensions>
    </Filter>
    <Filter Include="Resource Files">
      <UniqueIdentifier>{67DA6AB6-F800-4c08-8B7A-83BB121AAD01}</UniqueIdentifier>
      <Extensions>rc;ico;cur;bmp;dlg;rc2;rct;bin;rgs;gif;jpg;jpeg;jpe;resx;tiff;tif;png;wav;mfcribbon-ms</Extensions>
    </Filter>
    <Filter Include="Source Files\Board">
      <UniqueIdentifier>{e3759a96-9552-4c0a-a85c-f7201fa452a8}</UniqueIdentifier>
    </Filter>
    <Filter Include="Header Files\Board">
      <UniqueIdentifier>{ae06d39d-831e-48e1-9a01-9712cf9abd3d}</UniqueIdentifier>
    </Filter>
    <Filter Include="Header Files\Environment">
      <UniqueIdentifier>{e1e4f64a-1d2a-4781-a9f6-43044bac4dcb}</UniqueIdentifier>
    </Filter>
    <Filter Include="Source Files\Environment">
      <UniqueIdentifier>{d6fd947f-175c-4e2c-9aa1-ad822e5391e6}</UniqueIdentifier>
    </Filter>
    <Filter Include="Header Files\Ship">
      <UniqueIdentifier>{d3a0327f-0875-4c88-9a47-c0a26d1a140e}</UniqueIdentifier>
    </Filter>
    <Filter Include="Source Files\Ship">
      <UniqueIdentifier>{f89f3c2f-98d8-4bac-918d-78f0534bb1d9}</UniqueIdentifier>
    </Filter>
    <Filter Include="Header Files\Projectile">
      <UniqueIdentifier>{db97a0dd-331d-4fde-a2d4-ba60a4855888}</UniqueIdentifier>
    </Filter>
    <Filter Include="Source Files\Projectile">
      <UniqueIdentifier>{34de7100-b252-4684-a54b-0b4adf61468b}</UniqueIdentifier>
    </Filter>
    <Filter Include="Header Files\GUI">
      <UniqueIdentifier>{4e13fe5b-b5c9-44af-87f0-a5245ffa7481}</UniqueIdentifier>
    </Filter>
    <Filter Include="Source Files\GUI">
      <UniqueIdentifier>{f013646a-b4a3-4410-a739-57f24c9751e8}</UniqueIdentifier>
    </Filter>
    <Filter Include="Header Files\Ship\ShipParts">
      <UniqueIdentifier>{dbb86a08-74e8-471a-a86a-31aefbc30400}</UniqueIdentifier>
    </Filter>
    <Filter Include="Source Files\Ship\ShipParts">
      <UniqueIdentifier>{be737ade-c482-49bf-a583-04792e39673e}</UniqueIdentifier>
    </Filter>
  </ItemGroup>
  <ItemGroup>
    <ClCompile Include="Window.cpp">
      <Filter>Source Files\Board</Filter>
    </ClCompile>
    <ClCompile Include="Planet.cpp">
      <Filter>Source Files\Environment</Filter>
    </ClCompile>
    <ClCompile Include="Asteroid.cpp">
      <Filter>Source Files\Environment</Filter>
    </ClCompile>
    <ClCompile Include="Chunk.cpp">
      <Filter>Source Files\Environment</Filter>
    </ClCompile>
    <ClCompile Include="Ship.cpp">
      <Filter>Source Files\Ship</Filter>
    </ClCompile>
    <ClCompile Include="Player.cpp">
      <Filter>Source Files\Ship</Filter>
    </ClCompile>
    <ClCompile Include="Projectile.cpp">
      <Filter>Source Files\Projectile</Filter>
    </ClCompile>
    <ClCompile Include="Collidable.cpp">
      <Filter>Source Files\Board</Filter>
    </ClCompile>
    <ClCompile Include="Eris.cpp">
      <Filter>Source Files</Filter>
    </ClCompile>
    <ClCompile Include="Tilemap.cpp">
      <Filter>Source Files\Board</Filter>
    </ClCompile>
    <ClCompile Include="Explosion.cpp">
      <Filter>Source Files\Projectile</Filter>
    </ClCompile>
    <ClCompile Include="Loading.cpp">
      <Filter>Source Files\Board</Filter>
    </ClCompile>
    <ClCompile Include="Station.cpp">
      <Filter>Source Files\Environment</Filter>
    </ClCompile>
    <ClCompile Include="Perlin.cpp">
      <Filter>Source Files\Environment</Filter>
    </ClCompile>
    <ClCompile Include="AI.cpp">
      <Filter>Source Files\Ship</Filter>
    </ClCompile>
    <ClCompile Include="Enemy.cpp">
      <Filter>Source Files\Ship</Filter>
    </ClCompile>
    <ClCompile Include="Inventory.cpp">
      <Filter>Source Files\Board</Filter>
    </ClCompile>
    <ClCompile Include="Item.cpp">
      <Filter>Source Files\Board</Filter>
    </ClCompile>
    <ClCompile Include="Fragment.cpp">
      <Filter>Source Files\Projectile</Filter>
    </ClCompile>
    <ClCompile Include="GuiManager.cpp">
      <Filter>Source Files\GUI</Filter>
    </ClCompile>
    <ClCompile Include="TimedText.cpp">
      <Filter>Source Files\GUI</Filter>
    </ClCompile>
    <ClCompile Include="TimedTextBox.cpp">
      <Filter>Source Files\GUI</Filter>
    </ClCompile>
    <ClCompile Include="Slider.cpp">
      <Filter>Source Files\GUI</Filter>
    </ClCompile>
    <ClCompile Include="CascadingButtons.cpp">
      <Filter>Source Files\GUI</Filter>
    </ClCompile>
    <ClCompile Include="Button.cpp">
      <Filter>Source Files\GUI</Filter>
    </ClCompile>
    <ClCompile Include="Menu.cpp">
      <Filter>Source Files\GUI</Filter>
    </ClCompile>
    <ClCompile Include="Crate.cpp">
      <Filter>Source Files\Environment</Filter>
    </ClCompile>
    <ClCompile Include="Market.cpp">
      <Filter>Source Files\Board</Filter>
    </ClCompile>
    <ClCompile Include="Turret.cpp">
      <Filter>Source Files\Ship\ShipParts</Filter>
    </ClCompile>
    <ClCompile Include="Laser.cpp">
      <Filter>Source Files\Projectile</Filter>
    </ClCompile>
    <ClCompile Include="LaserTurret.cpp">
      <Filter>Source Files\Ship\ShipParts</Filter>
    </ClCompile>
    <ClCompile Include="RailgunSabot.cpp">
      <Filter>Source Files\Projectile</Filter>
    </ClCompile>
    <ClCompile Include="Railgun.cpp">
      <Filter>Source Files\Ship\ShipParts</Filter>
    </ClCompile>
    <ClCompile Include="SmartMissleLauncher.cpp">
      <Filter>Source Files\Ship\ShipParts</Filter>
    </ClCompile>
    <ClCompile Include="SmartMissle.cpp">
      <Filter>Source Files\Projectile</Filter>
    </ClCompile>
  </ItemGroup>
  <ItemGroup>
    <ClInclude Include="Window.hpp">
      <Filter>Header Files\Board</Filter>
    </ClInclude>
    <ClInclude Include="Includes.hpp">
      <Filter>Header Files</Filter>
    </ClInclude>
    <ClInclude Include="Chunk.hpp">
      <Filter>Header Files\Environment</Filter>
    </ClInclude>
    <ClInclude Include="Planet.hpp">
      <Filter>Header Files\Environment</Filter>
    </ClInclude>
    <ClInclude Include="Ship.hpp">
      <Filter>Header Files\Ship</Filter>
    </ClInclude>
    <ClInclude Include="ShipSpecs.hpp">
      <Filter>Header Files\Ship</Filter>
    </ClInclude>
    <ClInclude Include="Player.hpp">
      <Filter>Header Files\Ship</Filter>
    </ClInclude>
    <ClInclude Include="ProjectileSpecs.hpp">
      <Filter>Header Files\Projectile</Filter>
    </ClInclude>
    <ClInclude Include="Projectile.hpp">
      <Filter>Header Files\Projectile</Filter>
    </ClInclude>
    <ClInclude Include="Collidable.hpp">
      <Filter>Header Files\Board</Filter>
    </ClInclude>
    <ClInclude Include="Explosion.hpp">
      <Filter>Header Files\Projectile</Filter>
    </ClInclude>
    <ClInclude Include="Tilemap.hpp">
      <Filter>Header Files\Board</Filter>
    </ClInclude>
    <ClInclude Include="Station.hpp">
      <Filter>Header Files\Environment</Filter>
    </ClInclude>
    <ClInclude Include="Perlin.hpp">
      <Filter>Header Files\Environment</Filter>
    </ClInclude>
    <ClInclude Include="AI.hpp">
      <Filter>Header Files\Ship</Filter>
    </ClInclude>
    <ClInclude Include="Asteroid.hpp">
      <Filter>Header Files\Environment</Filter>
    </ClInclude>
    <ClInclude Include="Enemy.hpp">
      <Filter>Header Files\Ship</Filter>
    </ClInclude>
    <ClInclude Include="Wave.hpp">
      <Filter>Header Files\Environment</Filter>
    </ClInclude>
    <ClInclude Include="Constants.hpp">
      <Filter>Header Files\Environment</Filter>
    </ClInclude>
    <ClInclude Include="Inventory.hpp">
      <Filter>Header Files\Board</Filter>
    </ClInclude>
    <ClInclude Include="Item.hpp">
      <Filter>Header Files\Board</Filter>
    </ClInclude>
    <ClInclude Include="Fragment.hpp">
      <Filter>Header Files\Projectile</Filter>
    </ClInclude>
    <ClInclude Include="GuiManager.hpp">
      <Filter>Header Files\GUI</Filter>
    </ClInclude>
    <ClInclude Include="TimedText.hpp">
      <Filter>Header Files\GUI</Filter>
    </ClInclude>
    <ClInclude Include="TimedTextBox.hpp">
      <Filter>Header Files\GUI</Filter>
    </ClInclude>
    <ClInclude Include="Slider.hpp">
      <Filter>Header Files\GUI</Filter>
    </ClInclude>
    <ClInclude Include="CascadingButtons.hpp">
      <Filter>Header Files\GUI</Filter>
    </ClInclude>
    <ClInclude Include="Button.hpp">
      <Filter>Header Files\GUI</Filter>
    </ClInclude>
    <ClInclude Include="Menu.hpp">
      <Filter>Header Files\GUI</Filter>
    </ClInclude>
    <ClInclude Include="Crate.hpp">
      <Filter>Header Files\Environment</Filter>
    </ClInclude>
    <ClInclude Include="ItemSpecs.hpp">
      <Filter>Header Files\Board</Filter>
    </ClInclude>
    <ClInclude Include="Market.hpp">
      <Filter>Header Files\Board</Filter>
    </ClInclude>
    <ClInclude Include="Turret.hpp">
      <Filter>Header Files\Ship\ShipParts</Filter>
    </ClInclude>
    <ClInclude Include="TurretSpecs.h">
      <Filter>Header Files\Ship\ShipParts</Filter>
    </ClInclude>
    <ClInclude Include="Biome.hpp">
      <Filter>Header Files\Environment</Filter>
    </ClInclude>
    <ClInclude Include="Laser.hpp">
      <Filter>Header Files\Projectile</Filter>
    </ClInclude>
    <ClInclude Include="LaserTurret.hpp">
      <Filter>Header Files\Ship\ShipParts</Filter>
    </ClInclude>
    <ClInclude Include="Railgun.hpp">
      <Filter>Header Files\Ship\ShipParts</Filter>
    </ClInclude>
    <ClInclude Include="RailgunSabot.hpp">
      <Filter>Header Files\Projectile</Filter>
    </ClInclude>
    <ClInclude Include="PlanetSpecs.hpp">
      <Filter>Header Files\Environment</Filter>
    </ClInclude>
    <ClInclude Include="SmartMissleLauncher.hpp">
      <Filter>Header Files\Ship\ShipParts</Filter>
    </ClInclude>
    <ClInclude Include="SmartMissle.hpp">
      <Filter>Header Files\Projectile</Filter>
    </ClInclude>
  </ItemGroup>
  <ItemGroup>
    <None Include="..\..\Game-11-7-2015\Game-11-7-2015\Game-11-7-2015.vcxproj.filters">
      <Filter>Resource Files</Filter>
    </None>
  </ItemGroup>
  <ItemGroup>
    <Text Include="Quotes.txt">
      <Filter>Resource Files</Filter>
    </Text>
  </ItemGroup>
</Project>